
Microsoft Visual Studio Solution File, Format Version 12.00
# Visual Studio 14
VisualStudioVersion = 14.0.25420.1
MinimumVisualStudioVersion = 10.0.40219.1
Project("{2150E333-8FDC-42A3-9474-1A3956D46DE8}") = "src", "src", "{4944C18F-BEDE-4261-A0C8-65E7E66C1FC6}"
EndProject
Project("{2150E333-8FDC-42A3-9474-1A3956D46DE8}") = "Solution Items", "Solution Items", "{534C7332-EF8C-4FD9-AF25-337B24864924}"
	ProjectSection(SolutionItems) = preProject
		global.json = global.json
	EndProjectSection
EndProject
Project("{8BB2217D-0F2D-49D1-97BC-3654ED321F3B}") = "Master", "src\Master\Master.xproj", "{939E4BF8-C039-4DA5-859B-FA9545866996}"
EndProject
Project("{FAE04EC0-301F-11D3-BF4B-00C04F79EFBC}") = "Worker", "Worker\Worker.csproj", "{73D85A35-79CB-429C-84AA-460452A4828A}"
EndProject
Project("{8BB2217D-0F2D-49D1-97BC-3654ED321F3B}") = "Client", "Client\Client.xproj", "{E6FB0A69-A84D-4D1B-AC5C-519F8AA4B5B5}"
EndProject
Project("{FAE04EC0-301F-11D3-BF4B-00C04F79EFBC}") = "Model", "Model\Model.csproj", "{EFA1E61D-EB1A-47FD-A168-1A128B80C33E}"
EndProject
Project("{FAE04EC0-301F-11D3-BF4B-00C04F79EFBC}") = "Reset", "Reset\Reset.csproj", "{8DC9BDFD-5001-49B2-AFE1-D47537A8B992}"
EndProject
Global
	GlobalSection(SolutionConfigurationPlatforms) = preSolution
		Debug|Any CPU = Debug|Any CPU
		Release|Any CPU = Release|Any CPU
	EndGlobalSection
	GlobalSection(ProjectConfigurationPlatforms) = postSolution
		{939E4BF8-C039-4DA5-859B-FA9545866996}.Debug|Any CPU.ActiveCfg = Debug|Any CPU
		{939E4BF8-C039-4DA5-859B-FA9545866996}.Debug|Any CPU.Build.0 = Debug|Any CPU
		{939E4BF8-C039-4DA5-859B-FA9545866996}.Release|Any CPU.ActiveCfg = Release|Any CPU
		{939E4BF8-C039-4DA5-859B-FA9545866996}.Release|Any CPU.Build.0 = Release|Any CPU
		{73D85A35-79CB-429C-84AA-460452A4828A}.Debug|Any CPU.ActiveCfg = Debug|Any CPU
		{73D85A35-79CB-429C-84AA-460452A4828A}.Debug|Any CPU.Build.0 = Debug|Any CPU
		{73D85A35-79CB-429C-84AA-460452A4828A}.Release|Any CPU.ActiveCfg = Release|Any CPU
		{73D85A35-79CB-429C-84AA-460452A4828A}.Release|Any CPU.Build.0 = Release|Any CPU
		{E6FB0A69-A84D-4D1B-AC5C-519F8AA4B5B5}.Debug|Any CPU.ActiveCfg = Debug|Any CPU
		{E6FB0A69-A84D-4D1B-AC5C-519F8AA4B5B5}.Debug|Any CPU.Build.0 = Debug|Any CPU
		{E6FB0A69-A84D-4D1B-AC5C-519F8AA4B5B5}.Release|Any CPU.ActiveCfg = Release|Any CPU
		{E6FB0A69-A84D-4D1B-AC5C-519F8AA4B5B5}.Release|Any CPU.Build.0 = Release|Any CPU
		{EFA1E61D-EB1A-47FD-A168-1A128B80C33E}.Debug|Any CPU.ActiveCfg = Debug|Any CPU
		{EFA1E61D-EB1A-47FD-A168-1A128B80C33E}.Debug|Any CPU.Build.0 = Debug|Any CPU
		{EFA1E61D-EB1A-47FD-A168-1A128B80C33E}.Release|Any CPU.ActiveCfg = Release|Any CPU
		{EFA1E61D-EB1A-47FD-A168-1A128B80C33E}.Release|Any CPU.Build.0 = Release|Any CPU
		{8DC9BDFD-5001-49B2-AFE1-D47537A8B992}.Debug|Any CPU.ActiveCfg = Debug|Any CPU
		{8DC9BDFD-5001-49B2-AFE1-D47537A8B992}.Debug|Any CPU.Build.0 = Debug|Any CPU
		{8DC9BDFD-5001-49B2-AFE1-D47537A8B992}.Release|Any CPU.ActiveCfg = Release|Any CPU
		{8DC9BDFD-5001-49B2-AFE1-D47537A8B992}.Release|Any CPU.Build.0 = Release|Any CPU
	EndGlobalSection
	GlobalSection(SolutionProperties) = preSolution
		HideSolutionNode = FALSE
	EndGlobalSection
	GlobalSection(NestedProjects) = preSolution
		{939E4BF8-C039-4DA5-859B-FA9545866996} = {4944C18F-BEDE-4261-A0C8-65E7E66C1FC6}
		{73D85A35-79CB-429C-84AA-460452A4828A} = {4944C18F-BEDE-4261-A0C8-65E7E66C1FC6}
		{E6FB0A69-A84D-4D1B-AC5C-519F8AA4B5B5} = {4944C18F-BEDE-4261-A0C8-65E7E66C1FC6}
		{EFA1E61D-EB1A-47FD-A168-1A128B80C33E} = {4944C18F-BEDE-4261-A0C8-65E7E66C1FC6}
		{8DC9BDFD-5001-49B2-AFE1-D47537A8B992} = {4944C18F-BEDE-4261-A0C8-65E7E66C1FC6}
	EndGlobalSection
EndGlobal
